
Microsoft Visual Studio Solution File, Format Version 12.00
# Visual Studio Version 17
VisualStudioVersion = 17.0.32112.339
MinimumVisualStudioVersion = 10.0.40219.1
Project("{2150E333-8FDC-42A3-9474-1A3956D46DE8}") = "ConsoleApps", "ConsoleApps", "{95FF7416-97C8-49D6-842B-ED19270DC1D1}"
EndProject
Project("{FAE04EC0-301F-11D3-BF4B-00C04F79EFBC}") = "ConsoleApp1", "ConsoleApp1\ConsoleApp1.csproj", "{0C708E36-63E4-4B84-B2B7-F977A568741F}"
EndProject
Global
	GlobalSection(SolutionConfigurationPlatforms) = preSolution
		Debug|Any CPU = Debug|Any CPU
		Release|Any CPU = Release|Any CPU
	EndGlobalSection
	GlobalSection(ProjectConfigurationPlatforms) = postSolution
		{0C708E36-63E4-4B84-B2B7-F977A568741F}.Debug|Any CPU.ActiveCfg = Debug|Any CPU
		{0C708E36-63E4-4B84-B2B7-F977A568741F}.Debug|Any CPU.Build.0 = Debug|Any CPU
		{0C708E36-63E4-4B84-B2B7-F977A568741F}.Release|Any CPU.ActiveCfg = Release|Any CPU
		{0C708E36-63E4-4B84-B2B7-F977A568741F}.Release|Any CPU.Build.0 = Release|Any CPU
	EndGlobalSection
	GlobalSection(SolutionProperties) = preSolution
		HideSolutionNode = FALSE
	EndGlobalSection
	GlobalSection(NestedProjects) = preSolution
		{0C708E36-63E4-4B84-B2B7-F977A568741F} = {95FF7416-97C8-49D6-842B-ED19270DC1D1}
	EndGlobalSection
	GlobalSection(ExtensibilityGlobals) = postSolution
		SolutionGuid = {0134593A-0911-4080-BD8D-A91E2D387CE0}
	EndGlobalSection
EndGlobal
